<?xml version="1.0" encoding="utf-8"?>
<Project ToolsVersion="4.0" xmlns="http://schemas.microsoft.com/developer/msbuild/2003">
  <ItemGroup>
    <Filter Include="Source Files">
      <UniqueIdentifier>{4FC737F1-C7A5-4376-A066-2A32D752A2FF}</UniqueIdentifier>
      <Extensions>qml;cpp;c;cc;cxx;def;odl;idl;hpj;bat;asm;asmx</Extensions>
    </Filter>
    <Filter Include="Header Files">
      <UniqueIdentifier>{93995380-89BD-4b04-88EB-625FBE52EBFB}</UniqueIdentifier>
      <Extensions>h;hh;hpp;hxx;hm;inl;inc;xsd</Extensions>
    </Filter>
    <Filter Include="Resource Files">
      <UniqueIdentifier>{67DA6AB6-F800-4c08-8B7A-83BB121AAD01}</UniqueIdentifier>
      <Extensions>qrc;rc;ico;cur;bmp;dlg;rc2;rct;bin;rgs;gif;jpg;jpeg;jpe;resx;tiff;tif;png;wav;mfcribbon-ms</Extensions>
    </Filter>
    <Filter Include="Form Files">
      <UniqueIdentifier>{99349809-55BA-4b9d-BF79-8FDBB0286EB3}</UniqueIdentifier>
      <Extensions>ui</Extensions>
    </Filter>
    <Filter Include="Translation Files">
      <UniqueIdentifier>{639EADAA-A684-42e4-A9AD-28FC9BCB8F7C}</UniqueIdentifier>
      <Extensions>ts</Extensions>
    </Filter>
    <Filter Include="core">
      <UniqueIdentifier>{5dec1bb5-4ca0-4117-a70b-8d8d1ca917f1}</UniqueIdentifier>
    </Filter>
    <Filter Include="qml">
      <UniqueIdentifier>{52b08b0f-4729-478f-b942-de63da3ae3fa}</UniqueIdentifier>
    </Filter>
    <Filter Include="core\utils">
      <UniqueIdentifier>{286267f3-22cf-456c-8231-99115b97a3cf}</UniqueIdentifier>
    </Filter>
    <Filter Include="core\solver">
      <UniqueIdentifier>{bf204f7b-c981-4eff-84ec-1e24006d54b4}</UniqueIdentifier>
    </Filter>
    <Filter Include="core\interface">
      <UniqueIdentifier>{97f83e4d-c766-45fa-914e-2166d0181961}</UniqueIdentifier>
    </Filter>
    <Filter Include="core\segmentation">
      <UniqueIdentifier>{dff894cc-ed17-41ed-9877-a33ff8e78d73}</UniqueIdentifier>
    </Filter>
    <Filter Include="core\graph">
      <UniqueIdentifier>{d9fbbe20-4876-4ffb-9abd-b91aca3cdf05}</UniqueIdentifier>
    </Filter>
    <Filter Include="core\algorithm">
      <UniqueIdentifier>{28844eca-48b4-4c6d-bf5a-3bfe858f50ff}</UniqueIdentifier>
    </Filter>
    <Filter Include="core\data">
      <UniqueIdentifier>{4decab99-d418-4243-962b-09b3b4f9f00f}</UniqueIdentifier>
    </Filter>
    <Filter Include="core\scene">
      <UniqueIdentifier>{0768b22b-e3c9-438b-8963-17e89dfec26b}</UniqueIdentifier>
    </Filter>
    <Filter Include="core\ui">
      <UniqueIdentifier>{3c1882f8-d039-41a0-8616-6be19e3d1bcc}</UniqueIdentifier>
    </Filter>
    <Filter Include="core\app">
      <UniqueIdentifier>{aebbe8f5-0331-4fa1-8b9d-9a342c55ff41}</UniqueIdentifier>
    </Filter>
  </ItemGroup>
  <ItemGroup>
    <ClCompile Include="main.cpp">
      <Filter>Source Files</Filter>
    </ClCompile>
    <QtRcc Include="qml.qrc">
      <Filter>Resource Files</Filter>
    </QtRcc>
    <ClCompile Include="core\solver\LaplacianSolver.cpp">
      <Filter>core\solver</Filter>
    </ClCompile>
    <ClCompile Include="core\interface\RandomWalkerRunner.cpp">
      <Filter>core\interface</Filter>
    </ClCompile>
    <ClCompile Include="core\graph\PixelGraph.cpp">
      <Filter>core\graph</Filter>
    </ClCompile>
    <ClCompile Include="core\algorithm\RandomWalkerAlgorithm.cpp">
      <Filter>core\algorithm</Filter>
    </ClCompile>
    <ClCompile Include="core\data\ImageData.cpp">
      <Filter>core\data</Filter>
    </ClCompile>
    <ClCompile Include="core\ui\ImageLoader.cpp">
      <Filter>core\ui</Filter>
    </ClCompile>
    <ClCompile Include="core\ui\ImageProvider.cpp">
      <Filter>core\ui</Filter>
    </ClCompile>
    <ClCompile Include="core\scene\SceneManager.cpp">
      <Filter>core\scene</Filter>
    </ClCompile>
    <ClCompile Include="core\app\connect_components.cpp">
      <Filter>core\app</Filter>
    </ClCompile>
  </ItemGroup>
  <ItemGroup>
    <ClInclude Include="MetaAnnotations.hpp">
      <Filter>Header Files</Filter>
    </ClInclude>
    <ClInclude Include="global.hpp">
      <Filter>Header Files</Filter>
    </ClInclude>
    <ClInclude Include="core\utils\ImageToEigen.hpp">
      <Filter>core\utils</Filter>
    </ClInclude>
    <ClInclude Include="core\solver\LaplacianSolver.hpp">
      <Filter>core\solver</Filter>
    </ClInclude>
    <ClInclude Include="core\interface\RandomWalkerRunner.hpp">
      <Filter>core\interface</Filter>
    </ClInclude>
    <ClInclude Include="core\segmentation\SegmentationResult.hpp">
      <Filter>core\segmentation</Filter>
    </ClInclude>
    <ClInclude Include="core\graph\PixelGraph.hpp">
      <Filter>core\graph</Filter>
    </ClInclude>
    <ClInclude Include="core\algorithm\RandomWalkerAlgorithm.hpp">
      <Filter>core\algorithm</Filter>
    </ClInclude>
    <ClInclude Include="core\data\ImageData.hpp">
      <Filter>core\data</Filter>
    </ClInclude>
    <ClInclude Include="core\ui\ImageProvider.hpp">
      <Filter>core\ui</Filter>
    </ClInclude>
    <ClInclude Include="core\app\AppContext.hpp">
      <Filter>core\app</Filter>
    </ClInclude>
  </ItemGroup>
  <ItemGroup>
    <None Include="qml\RandomWalker.qml">
      <Filter>qml</Filter>
    </None>
  </ItemGroup>
  <ItemGroup>
    <QtMoc Include="core\ui\ImageLoader.hpp">
      <Filter>core\ui</Filter>
    </QtMoc>
    <QtMoc Include="core\scene\SceneManager.hpp">
      <Filter>core\scene</Filter>
    </QtMoc>
  </ItemGroup>
</Project>